// !$*UTF8*$!
{
	archiveVersion = 1;
	classes = {
	};
	objectVersion = 51;
	objects = {

/* Begin PBXBuildFile section */
		B10DD28626985876003ED32E /* AppDelegate.swift in Sources */ = {isa = PBXBuildFile; fileRef = B10DD28526985876003ED32E /* AppDelegate.swift */; };
		B10DD28826985876003ED32E /* SceneDelegate.swift in Sources */ = {isa = PBXBuildFile; fileRef = B10DD28726985876003ED32E /* SceneDelegate.swift */; };
		B10DD28A26985876003ED32E /* ViewController.swift in Sources */ = {isa = PBXBuildFile; fileRef = B10DD28926985876003ED32E /* ViewController.swift */; };
		B10DD28D26985876003ED32E /* Main.storyboard in Resources */ = {isa = PBXBuildFile; fileRef = B10DD28B26985876003ED32E /* Main.storyboard */; };
		B10DD28F26985878003ED32E /* Assets.xcassets in Resources */ = {isa = PBXBuildFile; fileRef = B10DD28E26985878003ED32E /* Assets.xcassets */; };
		B10DD29226985878003ED32E /* LaunchScreen.storyboard in Resources */ = {isa = PBXBuildFile; fileRef = B10DD29026985878003ED32E /* LaunchScreen.storyboard */; };
		B10DD29A269858ED003ED32E /* Creating.swift in Sources */ = {isa = PBXBuildFile; fileRef = B10DD299269858ED003ED32E /* Creating.swift */; };
		B10DD29C2698A5E0003ED32E /* Subject.swift in Sources */ = {isa = PBXBuildFile; fileRef = B10DD29B2698A5E0003ED32E /* Subject.swift */; };
		B10DD29E26994FCA003ED32E /* Filtering.swift in Sources */ = {isa = PBXBuildFile; fileRef = B10DD29D26994FCA003ED32E /* Filtering.swift */; };
		B10DD2A026999CD5003ED32E /* Transforming.swift in Sources */ = {isa = PBXBuildFile; fileRef = B10DD29F26999CD5003ED32E /* Transforming.swift */; };
		B23A7BDDE1B160E05C92F98F /* Pods_MyRxSwift.framework in Frameworks */ = {isa = PBXBuildFile; fileRef = 23306755A84743106E38A29C /* Pods_MyRxSwift.framework */; };
/* End PBXBuildFile section */

/* Begin PBXFileReference section */
		08250341C33EEF41D1CCE60A /* Pods-MyRxSwift.debug.xcconfig */ = {isa = PBXFileReference; includeInIndex = 1; lastKnownFileType = text.xcconfig; name = "Pods-MyRxSwift.debug.xcconfig"; path = "Target Support Files/Pods-MyRxSwift/Pods-MyRxSwift.debug.xcconfig"; sourceTree = "<group>"; };
		23306755A84743106E38A29C /* Pods_MyRxSwift.framework */ = {isa = PBXFileReference; explicitFileType = wrapper.framework; includeInIndex = 0; path = Pods_MyRxSwift.framework; sourceTree = BUILT_PRODUCTS_DIR; };
		268BF04A6CF107FA3144F97F /* Pods-MyRxSwift.release.xcconfig */ = {isa = PBXFileReference; includeInIndex = 1; lastKnownFileType = text.xcconfig; name = "Pods-MyRxSwift.release.xcconfig"; path = "Target Support Files/Pods-MyRxSwift/Pods-MyRxSwift.release.xcconfig"; sourceTree = "<group>"; };
		B10DD28226985876003ED32E /* MyRxSwift.app */ = {isa = PBXFileReference; explicitFileType = wrapper.application; includeInIndex = 0; path = MyRxSwift.app; sourceTree = BUILT_PRODUCTS_DIR; };
		B10DD28526985876003ED32E /* AppDelegate.swift */ = {isa = PBXFileReference; lastKnownFileType = sourcecode.swift; path = AppDelegate.swift; sourceTree = "<group>"; };
		B10DD28726985876003ED32E /* SceneDelegate.swift */ = {isa = PBXFileReference; lastKnownFileType = sourcecode.swift; path = SceneDelegate.swift; sourceTree = "<group>"; };
		B10DD28926985876003ED32E /* ViewController.swift */ = {isa = PBXFileReference; lastKnownFileType = sourcecode.swift; path = ViewController.swift; sourceTree = "<group>"; };
		B10DD28C26985876003ED32E /* Base */ = {isa = PBXFileReference; lastKnownFileType = file.storyboard; name = Base; path = Base.lproj/Main.storyboard; sourceTree = "<group>"; };
		B10DD28E26985878003ED32E /* Assets.xcassets */ = {isa = PBXFileReference; lastKnownFileType = folder.assetcatalog; path = Assets.xcassets; sourceTree = "<group>"; };
		B10DD29126985878003ED32E /* Base */ = {isa = PBXFileReference; lastKnownFileType = file.storyboard; name = Base; path = Base.lproj/LaunchScreen.storyboard; sourceTree = "<group>"; };
		B10DD29326985878003ED32E /* Info.plist */ = {isa = PBXFileReference; lastKnownFileType = text.plist.xml; path = Info.plist; sourceTree = "<group>"; };
		B10DD299269858ED003ED32E /* Creating.swift */ = {isa = PBXFileReference; lastKnownFileType = sourcecode.swift; path = Creating.swift; sourceTree = "<group>"; };
		B10DD29B2698A5E0003ED32E /* Subject.swift */ = {isa = PBXFileReference; lastKnownFileType = sourcecode.swift; path = Subject.swift; sourceTree = "<group>"; };
		B10DD29D26994FCA003ED32E /* Filtering.swift */ = {isa = PBXFileReference; lastKnownFileType = sourcecode.swift; path = Filtering.swift; sourceTree = "<group>"; };
		B10DD29F26999CD5003ED32E /* Transforming.swift */ = {isa = PBXFileReference; lastKnownFileType = sourcecode.swift; path = Transforming.swift; sourceTree = "<group>"; };
/* End PBXFileReference section */

/* Begin PBXFrameworksBuildPhase section */
		B10DD27F26985876003ED32E /* Frameworks */ = {
			isa = PBXFrameworksBuildPhase;
			buildActionMask = 2147483647;
			files = (
				B23A7BDDE1B160E05C92F98F /* Pods_MyRxSwift.framework in Frameworks */,
			);
			runOnlyForDeploymentPostprocessing = 0;
		};
/* End PBXFrameworksBuildPhase section */

/* Begin PBXGroup section */
		6C8BF672F4EAF089FC6F3AA9 /* Frameworks */ = {
			isa = PBXGroup;
			children = (
				23306755A84743106E38A29C /* Pods_MyRxSwift.framework */,
			);
			name = Frameworks;
			sourceTree = "<group>";
		};
		814552FA816717EFED867135 /* Pods */ = {
			isa = PBXGroup;
			children = (
				08250341C33EEF41D1CCE60A /* Pods-MyRxSwift.debug.xcconfig */,
				268BF04A6CF107FA3144F97F /* Pods-MyRxSwift.release.xcconfig */,
			);
			path = Pods;
			sourceTree = "<group>";
		};
		B10DD27926985876003ED32E = {
			isa = PBXGroup;
			children = (
				B10DD28426985876003ED32E /* MyRxSwift */,
				B10DD28326985876003ED32E /* Products */,
				814552FA816717EFED867135 /* Pods */,
				6C8BF672F4EAF089FC6F3AA9 /* Frameworks */,
			);
			sourceTree = "<group>";
		};
		B10DD28326985876003ED32E /* Products */ = {
			isa = PBXGroup;
			children = (
				B10DD28226985876003ED32E /* MyRxSwift.app */,
			);
			name = Products;
			sourceTree = "<group>";
		};
		B10DD28426985876003ED32E /* MyRxSwift */ = {
			isa = PBXGroup;
			children = (
				B10DD28526985876003ED32E /* AppDelegate.swift */,
				B10DD28726985876003ED32E /* SceneDelegate.swift */,
				B10DD28926985876003ED32E /* ViewController.swift */,
				B10DD28B26985876003ED32E /* Main.storyboard */,
				B10DD28E26985878003ED32E /* Assets.xcassets */,
				B10DD29026985878003ED32E /* LaunchScreen.storyboard */,
				B10DD29326985878003ED32E /* Info.plist */,
				B10DD299269858ED003ED32E /* Creating.swift */,
				B10DD29B2698A5E0003ED32E /* Subject.swift */,
				B10DD29D26994FCA003ED32E /* Filtering.swift */,
				B10DD29F26999CD5003ED32E /* Transforming.swift */,
			);
			path = MyRxSwift;
			sourceTree = "<group>";
		};
/* End PBXGroup section */

/* Begin PBXNativeTarget section */
		B10DD28126985876003ED32E /* MyRxSwift */ = {
			isa = PBXNativeTarget;
			buildConfigurationList = B10DD29626985878003ED32E /* Build configuration list for PBXNativeTarget "MyRxSwift" */;
			buildPhases = (
				CBA5E2A8CB30D8D730275AFC /* [CP] Check Pods Manifest.lock */,
				B10DD27E26985876003ED32E /* Sources */,
				B10DD27F26985876003ED32E /* Frameworks */,
				B10DD28026985876003ED32E /* Resources */,
				8D9AC807536E7EB8D9E68F14 /* [CP] Embed Pods Frameworks */,
			);
			buildRules = (
			);
			dependencies = (
			);
			name = MyRxSwift;
			productName = MyRxSwift;
			productReference = B10DD28226985876003ED32E /* MyRxSwift.app */;
			productType = "com.apple.product-type.application";
		};
/* End PBXNativeTarget section */

/* Begin PBXProject section */
		B10DD27A26985876003ED32E /* Project object */ = {
			isa = PBXProject;
			attributes = {
				LastSwiftUpdateCheck = 1250;
				LastUpgradeCheck = 1250;
				TargetAttributes = {
					B10DD28126985876003ED32E = {
						CreatedOnToolsVersion = 12.5;
					};
				};
			};
			buildConfigurationList = B10DD27D26985876003ED32E /* Build configuration list for PBXProject "MyRxSwift" */;
			compatibilityVersion = "Xcode 9.3";
			developmentRegion = en;
			hasScannedForEncodings = 0;
			knownRegions = (
				en,
				Base,
			);
			mainGroup = B10DD27926985876003ED32E;
			productRefGroup = B10DD28326985876003ED32E /* Products */;
			projectDirPath = "";
			projectRoot = "";
			targets = (
				B10DD28126985876003ED32E /* MyRxSwift */,
			);
		};
/* End PBXProject section */

/* Begin PBXResourcesBuildPhase section */
		B10DD28026985876003ED32E /* Resources */ = {
			isa = PBXResourcesBuildPhase;
			buildActionMask = 2147483647;
			files = (
				B10DD29226985878003ED32E /* LaunchScreen.storyboard in Resources */,
				B10DD28F26985878003ED32E /* Assets.xcassets in Resources */,
				B10DD28D26985876003ED32E /* Main.storyboard in Resources */,
			);
			runOnlyForDeploymentPostprocessing = 0;
		};
/* End PBXResourcesBuildPhase section */

/* Begin PBXShellScriptBuildPhase section */
		8D9AC807536E7EB8D9E68F14 /* [CP] Embed Pods Frameworks */ = {
			isa = PBXShellScriptBuildPhase;
			buildActionMask = 2147483647;
			files = (
			);
			inputFileListPaths = (
				"${PODS_ROOT}/Target Support Files/Pods-MyRxSwift/Pods-MyRxSwift-frameworks-${CONFIGURATION}-input-files.xcfilelist",
			);
			name = "[CP] Embed Pods Frameworks";
			outputFileListPaths = (
				"${PODS_ROOT}/Target Support Files/Pods-MyRxSwift/Pods-MyRxSwift-frameworks-${CONFIGURATION}-output-files.xcfilelist",
			);
			runOnlyForDeploymentPostprocessing = 0;
			shellPath = /bin/sh;
			shellScript = "\"${PODS_ROOT}/Target Support Files/Pods-MyRxSwift/Pods-MyRxSwift-frameworks.sh\"\n";
			showEnvVarsInLog = 0;
		};
		CBA5E2A8CB30D8D730275AFC /* [CP] Check Pods Manifest.lock */ = {
			isa = PBXShellScriptBuildPhase;
			buildActionMask = 2147483647;
			files = (
			);
			inputFileListPaths = (
			);
			inputPaths = (
				"${PODS_PODFILE_DIR_PATH}/Podfile.lock",
				"${PODS_ROOT}/Manifest.lock",
			);
			name = "[CP] Check Pods Manifest.lock";
			outputFileListPaths = (
			);
			outputPaths = (
				"$(DERIVED_FILE_DIR)/Pods-MyRxSwift-checkManifestLockResult.txt",
			);
			runOnlyForDeploymentPostprocessing = 0;
			shellPath = /bin/sh;
			shellScript = "diff \"${PODS_PODFILE_DIR_PATH}/Podfile.lock\" \"${PODS_ROOT}/Manifest.lock\" > /dev/null\nif [ $? != 0 ] ; then\n    # print error to STDERR\n    echo \"error: The sandbox is not in sync with the Podfile.lock. Run 'pod install' or update your CocoaPods installation.\" >&2\n    exit 1\nfi\n# This output is used by Xcode 'outputs' to avoid re-running this script phase.\necho \"SUCCESS\" > \"${SCRIPT_OUTPUT_FILE_0}\"\n";
			showEnvVarsInLog = 0;
		};
/* End PBXShellScriptBuildPhase section */

/* Begin PBXSourcesBuildPhase section */
		B10DD27E26985876003ED32E /* Sources */ = {
			isa = PBXSourcesBuildPhase;
			buildActionMask = 2147483647;
			files = (
				B10DD28A26985876003ED32E /* ViewController.swift in Sources */,
				B10DD29C2698A5E0003ED32E /* Subject.swift in Sources */,
				B10DD28626985876003ED32E /* AppDelegate.swift in Sources */,
				B10DD29A269858ED003ED32E /* Creating.swift in Sources */,
				B10DD2A026999CD5003ED32E /* Transforming.swift in Sources */,
				B10DD29E26994FCA003ED32E /* Filtering.swift in Sources */,
				B10DD28826985876003ED32E /* SceneDelegate.swift in Sources */,
			);
			runOnlyForDeploymentPostprocessing = 0;
		};
/* End PBXSourcesBuildPhase section */

/* Begin PBXVariantGroup section */
		B10DD28B26985876003ED32E /* Main.storyboard */ = {
			isa = PBXVariantGroup;
			children = (
				B10DD28C26985876003ED32E /* Base */,
			);
			name = Main.storyboard;
			sourceTree = "<group>";
		};
		B10DD29026985878003ED32E /* LaunchScreen.storyboard */ = {
			isa = PBXVariantGroup;
			children = (
				B10DD29126985878003ED32E /* Base */,
			);
			name = LaunchScreen.storyboard;
			sourceTree = "<group>";
		};
/* End PBXVariantGroup section */

/* Begin XCBuildConfiguration section */
		B10DD29426985878003ED32E /* Debug */ = {
			isa = XCBuildConfiguration;
			buildSettings = {
				ALWAYS_SEARCH_USER_PATHS = NO;
				CLANG_ANALYZER_NONNULL = YES;
				CLANG_ANALYZER_NUMBER_OBJECT_CONVERSION = YES_AGGRESSIVE;
				CLANG_CXX_LANGUAGE_STANDARD = "gnu++14";
				CLANG_CXX_LIBRARY = "libc++";
				CLANG_ENABLE_MODULES = YES;
				CLANG_ENABLE_OBJC_ARC = YES;
				CLANG_ENABLE_OBJC_WEAK = YES;
				CLANG_WARN_BLOCK_CAPTURE_AUTORELEASING = YES;
				CLANG_WARN_BOOL_CONVERSION = YES;
				CLANG_WARN_COMMA = YES;
				CLANG_WARN_CONSTANT_CONVERSION = YES;
				CLANG_WARN_DEPRECATED_OBJC_IMPLEMENTATIONS = YES;
				CLANG_WARN_DIRECT_OBJC_ISA_USAGE = YES_ERROR;
				CLANG_WARN_DOCUMENTATION_COMMENTS = YES;
				CLANG_WARN_EMPTY_BODY = YES;
				CLANG_WARN_ENUM_CONVERSION = YES;
				CLANG_WARN_INFINITE_RECURSION = YES;
				CLANG_WARN_INT_CONVERSION = YES;
				CLANG_WARN_NON_LITERAL_NULL_CONVERSION = YES;
				CLANG_WARN_OBJC_IMPLICIT_RETAIN_SELF = YES;
				CLANG_WARN_OBJC_LITERAL_CONVERSION = YES;
				CLANG_WARN_OBJC_ROOT_CLASS = YES_ERROR;
				CLANG_WARN_QUOTED_INCLUDE_IN_FRAMEWORK_HEADER = YES;
				CLANG_WARN_RANGE_LOOP_ANALYSIS = YES;
				CLANG_WARN_STRICT_PROTOTYPES = YES;
				CLANG_WARN_SUSPICIOUS_MOVE = YES;
				CLANG_WARN_UNGUARDED_AVAILABILITY = YES_AGGRESSIVE;
				CLANG_WARN_UNREACHABLE_CODE = YES;
				CLANG_WARN__DUPLICATE_METHOD_MATCH = YES;
				COPY_PHASE_STRIP = NO;
				DEBUG_INFORMATION_FORMAT = dwarf;
				ENABLE_STRICT_OBJC_MSGSEND = YES;
				ENABLE_TESTABILITY = YES;
				GCC_C_LANGUAGE_STANDARD = gnu11;
				GCC_DYNAMIC_NO_PIC = NO;
				GCC_NO_COMMON_BLOCKS = YES;
				GCC_OPTIMIZATION_LEVEL = 0;
				GCC_PREPROCESSOR_DEFINITIONS = (
					"DEBUG=1",
					"$(inherited)",
				);
				GCC_WARN_64_TO_32_BIT_CONVERSION = YES;
				GCC_WARN_ABOUT_RETURN_TYPE = YES_ERROR;
				GCC_WARN_UNDECLARED_SELECTOR = YES;
				GCC_WARN_UNINITIALIZED_AUTOS = YES_AGGRESSIVE;
				GCC_WARN_UNUSED_FUNCTION = YES;
				GCC_WARN_UNUSED_VARIABLE = YES;
				IPHONEOS_DEPLOYMENT_TARGET = 14.5;
				MTL_ENABLE_DEBUG_INFO = INCLUDE_SOURCE;
				MTL_FAST_MATH = YES;
				ONLY_ACTIVE_ARCH = YES;
				SDKROOT = iphoneos;
				SWIFT_ACTIVE_COMPILATION_CONDITIONS = DEBUG;
				SWIFT_OPTIMIZATION_LEVEL = "-Onone";
			};
			name = Debug;
		};
		B10DD29526985878003ED32E /* Release */ = {
			isa = XCBuildConfiguration;
			buildSettings = {
				ALWAYS_SEARCH_USER_PATHS = NO;
				CLANG_ANALYZER_NONNULL = YES;
				CLANG_ANALYZER_NUMBER_OBJECT_CONVERSION = YES_AGGRESSIVE;
				CLANG_CXX_LANGUAGE_STANDARD = "gnu++14";
				CLANG_CXX_LIBRARY = "libc++";
				CLANG_ENABLE_MODULES = YES;
				CLANG_ENABLE_OBJC_ARC = YES;
				CLANG_ENABLE_OBJC_WEAK = YES;
				CLANG_WARN_BLOCK_CAPTURE_AUTORELEASING = YES;
				CLANG_WARN_BOOL_CONVERSION = YES;
				CLANG_WARN_COMMA = YES;
				CLANG_WARN_CONSTANT_CONVERSION = YES;
				CLANG_WARN_DEPRECATED_OBJC_IMPLEMENTATIONS = YES;
				CLANG_WARN_DIRECT_OBJC_ISA_USAGE = YES_ERROR;
				CLANG_WARN_DOCUMENTATION_COMMENTS = YES;
				CLANG_WARN_EMPTY_BODY = YES;
				CLANG_WARN_ENUM_CONVERSION = YES;
				CLANG_WARN_INFINITE_RECURSION = YES;
				CLANG_WARN_INT_CONVERSION = YES;
				CLANG_WARN_NON_LITERAL_NULL_CONVERSION = YES;
				CLANG_WARN_OBJC_IMPLICIT_RETAIN_SELF = YES;
				CLANG_WARN_OBJC_LITERAL_CONVERSION = YES;
				CLANG_WARN_OBJC_ROOT_CLASS = YES_ERROR;
				CLANG_WARN_QUOTED_INCLUDE_IN_FRAMEWORK_HEADER = YES;
				CLANG_WARN_RANGE_LOOP_ANALYSIS = YES;
				CLANG_WARN_STRICT_PROTOTYPES = YES;
				CLANG_WARN_SUSPICIOUS_MOVE = YES;
				CLANG_WARN_UNGUARDED_AVAILABILITY = YES_AGGRESSIVE;
				CLANG_WARN_UNREACHABLE_CODE = YES;
				CLANG_WARN__DUPLICATE_METHOD_MATCH = YES;
				COPY_PHASE_STRIP = NO;
				DEBUG_INFORMATION_FORMAT = "dwarf-with-dsym";
				ENABLE_NS_ASSERTIONS = NO;
				ENABLE_STRICT_OBJC_MSGSEND = YES;
				GCC_C_LANGUAGE_STANDARD = gnu11;
				GCC_NO_COMMON_BLOCKS = YES;
				GCC_WARN_64_TO_32_BIT_CONVERSION = YES;
				GCC_WARN_ABOUT_RETURN_TYPE = YES_ERROR;
				GCC_WARN_UNDECLARED_SELECTOR = YES;
				GCC_WARN_UNINITIALIZED_AUTOS = YES_AGGRESSIVE;
				GCC_WARN_UNUSED_FUNCTION = YES;
				GCC_WARN_UNUSED_VARIABLE = YES;
				IPHONEOS_DEPLOYMENT_TARGET = 14.5;
				MTL_ENABLE_DEBUG_INFO = NO;
				MTL_FAST_MATH = YES;
				SDKROOT = iphoneos;
				SWIFT_COMPILATION_MODE = wholemodule;
				SWIFT_OPTIMIZATION_LEVEL = "-O";
				VALIDATE_PRODUCT = YES;
			};
			name = Release;
		};
		B10DD29726985878003ED32E /* Debug */ = {
			isa = XCBuildConfiguration;
			baseConfigurationReference = 08250341C33EEF41D1CCE60A /* Pods-MyRxSwift.debug.xcconfig */;
			buildSettings = {
				ASSETCATALOG_COMPILER_APPICON_NAME = AppIcon;
				ASSETCATALOG_COMPILER_GLOBAL_ACCENT_COLOR_NAME = AccentColor;
				CODE_SIGN_STYLE = Automatic;
				INFOPLIST_FILE = MyRxSwift/Info.plist;
				LD_RUNPATH_SEARCH_PATHS = (
					"$(inherited)",
					"@executable_path/Frameworks",
				);
				PRODUCT_BUNDLE_IDENTIFIER = lgw9898.MyRxSwift;
				PRODUCT_NAME = "$(TARGET_NAME)";
				SWIFT_VERSION = 5.0;
				TARGETED_DEVICE_FAMILY = "1,2";
			};
			name = Debug;
		};
		B10DD29826985878003ED32E /* Release */ = {
			isa = XCBuildConfiguration;
			baseConfigurationReference = 268BF04A6CF107FA3144F97F /* Pods-MyRxSwift.release.xcconfig */;
			buildSettings = {
				ASSETCATALOG_COMPILER_APPICON_NAME = AppIcon;
				ASSETCATALOG_COMPILER_GLOBAL_ACCENT_COLOR_NAME = AccentColor;
				CODE_SIGN_STYLE = Automatic;
				INFOPLIST_FILE = MyRxSwift/Info.plist;
				LD_RUNPATH_SEARCH_PATHS = (
					"$(inherited)",
					"@executable_path/Frameworks",
				);
				PRODUCT_BUNDLE_IDENTIFIER = lgw9898.MyRxSwift;
				PRODUCT_NAME = "$(TARGET_NAME)";
				SWIFT_VERSION = 5.0;
				TARGETED_DEVICE_FAMILY = "1,2";
			};
			name = Release;
		};
/* End XCBuildConfiguration section */

/* Begin XCConfigurationList section */
		B10DD27D26985876003ED32E /* Build configuration list for PBXProject "MyRxSwift" */ = {
			isa = XCConfigurationList;
			buildConfigurations = (
				B10DD29426985878003ED32E /* Debug */,
				B10DD29526985878003ED32E /* Release */,
			);
			defaultConfigurationIsVisible = 0;
			defaultConfigurationName = Release;
		};
		B10DD29626985878003ED32E /* Build configuration list for PBXNativeTarget "MyRxSwift" */ = {
			isa = XCConfigurationList;
			buildConfigurations = (
				B10DD29726985878003ED32E /* Debug */,
				B10DD29826985878003ED32E /* Release */,
			);
			defaultConfigurationIsVisible = 0;
			defaultConfigurationName = Release;
		};
/* End XCConfigurationList section */
	};
	rootObject = B10DD27A26985876003ED32E /* Project object */;
}
